// !$*UTF8*$!
{
	archiveVersion = 1;
	classes = {
	};
	objectVersion = 56;
	objects = {

/* Begin PBXBuildFile section */
		3BB113002BD2E72E00B45D70 /* ABC_MoveApp.swift in Sources */ = {isa = PBXBuildFile; fileRef = 3BB112FF2BD2E72E00B45D70 /* ABC_MoveApp.swift */; };
		3BB113022BD2E72E00B45D70 /* ContentView.swift in Sources */ = {isa = PBXBuildFile; fileRef = 3BB113012BD2E72E00B45D70 /* ContentView.swift */; };
		3BB113042BD2E72E00B45D70 /* Assets.xcassets in Resources */ = {isa = PBXBuildFile; fileRef = 3BB113032BD2E72E00B45D70 /* Assets.xcassets */; };
		3BB113072BD2E72E00B45D70 /* Preview Assets.xcassets in Resources */ = {isa = PBXBuildFile; fileRef = 3BB113062BD2E72E00B45D70 /* Preview Assets.xcassets */; };
		3BB113112BD2E72F00B45D70 /* ABC_MoveTests.swift in Sources */ = {isa = PBXBuildFile; fileRef = 3BB113102BD2E72F00B45D70 /* ABC_MoveTests.swift */; };
		3BB1131B2BD2E72F00B45D70 /* ABC_MoveUITests.swift in Sources */ = {isa = PBXBuildFile; fileRef = 3BB1131A2BD2E72F00B45D70 /* ABC_MoveUITests.swift */; };
		3BB1131D2BD2E72F00B45D70 /* ABC_MoveUITestsLaunchTests.swift in Sources */ = {isa = PBXBuildFile; fileRef = 3BB1131C2BD2E72F00B45D70 /* ABC_MoveUITestsLaunchTests.swift */; };
/* End PBXBuildFile section */

/* Begin PBXContainerItemProxy section */
		3BB1130D2BD2E72F00B45D70 /* PBXContainerItemProxy */ = {
			isa = PBXContainerItemProxy;
			containerPortal = 3BB112F42BD2E72E00B45D70 /* Project object */;
			proxyType = 1;
			remoteGlobalIDString = 3BB112FB2BD2E72E00B45D70;
			remoteInfo = "ABC Move";
		};
		3BB113172BD2E72F00B45D70 /* PBXContainerItemProxy */ = {
			isa = PBXContainerItemProxy;
			containerPortal = 3BB112F42BD2E72E00B45D70 /* Project object */;
			proxyType = 1;
			remoteGlobalIDString = 3BB112FB2BD2E72E00B45D70;
			remoteInfo = "ABC Move";
		};
/* End PBXContainerItemProxy section */

/* Begin PBXFileReference section */
		3BB112FC2BD2E72E00B45D70 /* ABC Move.app */ = {isa = PBXFileReference; explicitFileType = wrapper.application; includeInIndex = 0; path = "ABC Move.app"; sourceTree = BUILT_PRODUCTS_DIR; };
		3BB112FF2BD2E72E00B45D70 /* ABC_MoveApp.swift */ = {isa = PBXFileReference; lastKnownFileType = sourcecode.swift; path = ABC_MoveApp.swift; sourceTree = "<group>"; };
		3BB113012BD2E72E00B45D70 /* ContentView.swift */ = {isa = PBXFileReference; lastKnownFileType = sourcecode.swift; path = ContentView.swift; sourceTree = "<group>"; };
		3BB113032BD2E72E00B45D70 /* Assets.xcassets */ = {isa = PBXFileReference; lastKnownFileType = folder.assetcatalog; path = Assets.xcassets; sourceTree = "<group>"; };
		3BB113062BD2E72E00B45D70 /* Preview Assets.xcassets */ = {isa = PBXFileReference; lastKnownFileType = folder.assetcatalog; path = "Preview Assets.xcassets"; sourceTree = "<group>"; };
		3BB1130C2BD2E72F00B45D70 /* ABC MoveTests.xctest */ = {isa = PBXFileReference; explicitFileType = wrapper.cfbundle; includeInIndex = 0; path = "ABC MoveTests.xctest"; sourceTree = BUILT_PRODUCTS_DIR; };
		3BB113102BD2E72F00B45D70 /* ABC_MoveTests.swift */ = {isa = PBXFileReference; lastKnownFileType = sourcecode.swift; path = ABC_MoveTests.swift; sourceTree = "<group>"; };
		3BB113162BD2E72F00B45D70 /* ABC MoveUITests.xctest */ = {isa = PBXFileReference; explicitFileType = wrapper.cfbundle; includeInIndex = 0; path = "ABC MoveUITests.xctest"; sourceTree = BUILT_PRODUCTS_DIR; };
		3BB1131A2BD2E72F00B45D70 /* ABC_MoveUITests.swift */ = {isa = PBXFileReference; lastKnownFileType = sourcecode.swift; path = ABC_MoveUITests.swift; sourceTree = "<group>"; };
		3BB1131C2BD2E72F00B45D70 /* ABC_MoveUITestsLaunchTests.swift */ = {isa = PBXFileReference; lastKnownFileType = sourcecode.swift; path = ABC_MoveUITestsLaunchTests.swift; sourceTree = "<group>"; };
/* End PBXFileReference section */

/* Begin PBXFrameworksBuildPhase section */
		3BB112F92BD2E72E00B45D70 /* Frameworks */ = {
			isa = PBXFrameworksBuildPhase;
			buildActionMask = 2147483647;
			files = (
			);
			runOnlyForDeploymentPostprocessing = 0;
		};
		3BB113092BD2E72F00B45D70 /* Frameworks */ = {
			isa = PBXFrameworksBuildPhase;
			buildActionMask = 2147483647;
			files = (
			);
			runOnlyForDeploymentPostprocessing = 0;
		};
		3BB113132BD2E72F00B45D70 /* Frameworks */ = {
			isa = PBXFrameworksBuildPhase;
			buildActionMask = 2147483647;
			files = (
			);
			runOnlyForDeploymentPostprocessing = 0;
		};
/* End PBXFrameworksBuildPhase section */

/* Begin PBXGroup section */
		3BB112F32BD2E72E00B45D70 = {
			isa = PBXGroup;
			children = (
				3BB112FE2BD2E72E00B45D70 /* ABC Move */,
				3BB1130F2BD2E72F00B45D70 /* ABC MoveTests */,
				3BB113192BD2E72F00B45D70 /* ABC MoveUITests */,
				3BB112FD2BD2E72E00B45D70 /* Products */,
			);
			sourceTree = "<group>";
		};
		3BB112FD2BD2E72E00B45D70 /* Products */ = {
			isa = PBXGroup;
			children = (
				3BB112FC2BD2E72E00B45D70 /* ABC Move.app */,
				3BB1130C2BD2E72F00B45D70 /* ABC MoveTests.xctest */,
				3BB113162BD2E72F00B45D70 /* ABC MoveUITests.xctest */,
			);
			name = Products;
			sourceTree = "<group>";
		};
		3BB112FE2BD2E72E00B45D70 /* ABC Move */ = {
			isa = PBXGroup;
			children = (
				3BB112FF2BD2E72E00B45D70 /* ABC_MoveApp.swift */,
				3BB113012BD2E72E00B45D70 /* ContentView.swift */,
				3BB113032BD2E72E00B45D70 /* Assets.xcassets */,
				3BB113052BD2E72E00B45D70 /* Preview Content */,
			);
			path = "ABC Move";
			sourceTree = "<group>";
		};
		3BB113052BD2E72E00B45D70 /* Preview Content */ = {
			isa = PBXGroup;
			children = (
				3BB113062BD2E72E00B45D70 /* Preview Assets.xcassets */,
			);
			path = "Preview Content";
			sourceTree = "<group>";
		};
		3BB1130F2BD2E72F00B45D70 /* ABC MoveTests */ = {
			isa = PBXGroup;
			children = (
				3BB113102BD2E72F00B45D70 /* ABC_MoveTests.swift */,
			);
			path = "ABC MoveTests";
			sourceTree = "<group>";
		};
		3BB113192BD2E72F00B45D70 /* ABC MoveUITests */ = {
			isa = PBXGroup;
			children = (
				3BB1131A2BD2E72F00B45D70 /* ABC_MoveUITests.swift */,
				3BB1131C2BD2E72F00B45D70 /* ABC_MoveUITestsLaunchTests.swift */,
			);
			path = "ABC MoveUITests";
			sourceTree = "<group>";
		};
/* End PBXGroup section */

/* Begin PBXNativeTarget section */
		3BB112FB2BD2E72E00B45D70 /* ABC Move */ = {
			isa = PBXNativeTarget;
			buildConfigurationList = 3BB113202BD2E72F00B45D70 /* Build configuration list for PBXNativeTarget "ABC Move" */;
			buildPhases = (
				3BB112F82BD2E72E00B45D70 /* Sources */,
				3BB112F92BD2E72E00B45D70 /* Frameworks */,
				3BB112FA2BD2E72E00B45D70 /* Resources */,
			);
			buildRules = (
			);
			dependencies = (
			);
			name = "ABC Move";
			productName = "ABC Move";
			productReference = 3BB112FC2BD2E72E00B45D70 /* ABC Move.app */;
			productType = "com.apple.product-type.application";
		};
		3BB1130B2BD2E72F00B45D70 /* ABC MoveTests */ = {
			isa = PBXNativeTarget;
			buildConfigurationList = 3BB113232BD2E72F00B45D70 /* Build configuration list for PBXNativeTarget "ABC MoveTests" */;
			buildPhases = (
				3BB113082BD2E72F00B45D70 /* Sources */,
				3BB113092BD2E72F00B45D70 /* Frameworks */,
				3BB1130A2BD2E72F00B45D70 /* Resources */,
			);
			buildRules = (
			);
			dependencies = (
				3BB1130E2BD2E72F00B45D70 /* PBXTargetDependency */,
			);
			name = "ABC MoveTests";
			productName = "ABC MoveTests";
			productReference = 3BB1130C2BD2E72F00B45D70 /* ABC MoveTests.xctest */;
			productType = "com.apple.product-type.bundle.unit-test";
		};
		3BB113152BD2E72F00B45D70 /* ABC MoveUITests */ = {
			isa = PBXNativeTarget;
			buildConfigurationList = 3BB113262BD2E72F00B45D70 /* Build configuration list for PBXNativeTarget "ABC MoveUITests" */;
			buildPhases = (
				3BB113122BD2E72F00B45D70 /* Sources */,
				3BB113132BD2E72F00B45D70 /* Frameworks */,
				3BB113142BD2E72F00B45D70 /* Resources */,
			);
			buildRules = (
			);
			dependencies = (
				3BB113182BD2E72F00B45D70 /* PBXTargetDependency */,
			);
			name = "ABC MoveUITests";
			productName = "ABC MoveUITests";
			productReference = 3BB113162BD2E72F00B45D70 /* ABC MoveUITests.xctest */;
			productType = "com.apple.product-type.bundle.ui-testing";
		};
/* End PBXNativeTarget section */

/* Begin PBXProject section */
		3BB112F42BD2E72E00B45D70 /* Project object */ = {
			isa = PBXProject;
			attributes = {
				BuildIndependentTargetsInParallel = 1;
				LastSwiftUpdateCheck = 1520;
				LastUpgradeCheck = 1520;
				TargetAttributes = {
					3BB112FB2BD2E72E00B45D70 = {
						CreatedOnToolsVersion = 15.2;
					};
					3BB1130B2BD2E72F00B45D70 = {
						CreatedOnToolsVersion = 15.2;
						TestTargetID = 3BB112FB2BD2E72E00B45D70;
					};
					3BB113152BD2E72F00B45D70 = {
						CreatedOnToolsVersion = 15.2;
						TestTargetID = 3BB112FB2BD2E72E00B45D70;
					};
				};
			};
			buildConfigurationList = 3BB112F72BD2E72E00B45D70 /* Build configuration list for PBXProject "ABC Move" */;
			compatibilityVersion = "Xcode 14.0";
			developmentRegion = en;
			hasScannedForEncodings = 0;
			knownRegions = (
				en,
				Base,
			);
			mainGroup = 3BB112F32BD2E72E00B45D70;
			productRefGroup = 3BB112FD2BD2E72E00B45D70 /* Products */;
			projectDirPath = "";
			projectRoot = "";
			targets = (
				3BB112FB2BD2E72E00B45D70 /* ABC Move */,
				3BB1130B2BD2E72F00B45D70 /* ABC MoveTests */,
				3BB113152BD2E72F00B45D70 /* ABC MoveUITests */,
			);
		};
/* End PBXProject section */

/* Begin PBXResourcesBuildPhase section */
		3BB112FA2BD2E72E00B45D70 /* Resources */ = {
			isa = PBXResourcesBuildPhase;
			buildActionMask = 2147483647;
			files = (
				3BB113072BD2E72E00B45D70 /* Preview Assets.xcassets in Resources */,
				3BB113042BD2E72E00B45D70 /* Assets.xcassets in Resources */,
			);
			runOnlyForDeploymentPostprocessing = 0;
		};
		3BB1130A2BD2E72F00B45D70 /* Resources */ = {
			isa = PBXResourcesBuildPhase;
			buildActionMask = 2147483647;
			files = (
			);
			runOnlyForDeploymentPostprocessing = 0;
		};
		3BB113142BD2E72F00B45D70 /* Resources */ = {
			isa = PBXResourcesBuildPhase;
			buildActionMask = 2147483647;
			files = (
			);
			runOnlyForDeploymentPostprocessing = 0;
		};
/* End PBXResourcesBuildPhase section */

/* Begin PBXSourcesBuildPhase section */
		3BB112F82BD2E72E00B45D70 /* Sources */ = {
			isa = PBXSourcesBuildPhase;
			buildActionMask = 2147483647;
			files = (
				3BB113022BD2E72E00B45D70 /* ContentView.swift in Sources */,
				3BB113002BD2E72E00B45D70 /* ABC_MoveApp.swift in Sources */,
			);
			runOnlyForDeploymentPostprocessing = 0;
		};
		3BB113082BD2E72F00B45D70 /* Sources */ = {
			isa = PBXSourcesBuildPhase;
			buildActionMask = 2147483647;
			files = (
				3BB113112BD2E72F00B45D70 /* ABC_MoveTests.swift in Sources */,
			);
			runOnlyForDeploymentPostprocessing = 0;
		};
		3BB113122BD2E72F00B45D70 /* Sources */ = {
			isa = PBXSourcesBuildPhase;
			buildActionMask = 2147483647;
			files = (
				3BB1131D2BD2E72F00B45D70 /* ABC_MoveUITestsLaunchTests.swift in Sources */,
				3BB1131B2BD2E72F00B45D70 /* ABC_MoveUITests.swift in Sources */,
			);
			runOnlyForDeploymentPostprocessing = 0;
		};
/* End PBXSourcesBuildPhase section */

/* Begin PBXTargetDependency section */
		3BB1130E2BD2E72F00B45D70 /* PBXTargetDependency */ = {
			isa = PBXTargetDependency;
			target = 3BB112FB2BD2E72E00B45D70 /* ABC Move */;
			targetProxy = 3BB1130D2BD2E72F00B45D70 /* PBXContainerItemProxy */;
		};
		3BB113182BD2E72F00B45D70 /* PBXTargetDependency */ = {
			isa = PBXTargetDependency;
			target = 3BB112FB2BD2E72E00B45D70 /* ABC Move */;
			targetProxy = 3BB113172BD2E72F00B45D70 /* PBXContainerItemProxy */;
		};
/* End PBXTargetDependency section */

/* Begin XCBuildConfiguration section */
		3BB1131E2BD2E72F00B45D70 /* Debug */ = {
			isa = XCBuildConfiguration;
			buildSettings = {
				ALWAYS_SEARCH_USER_PATHS = NO;
				ASSETCATALOG_COMPILER_GENERATE_SWIFT_ASSET_SYMBOL_EXTENSIONS = YES;
				CLANG_ANALYZER_NONNULL = YES;
				CLANG_ANALYZER_NUMBER_OBJECT_CONVERSION = YES_AGGRESSIVE;
				CLANG_CXX_LANGUAGE_STANDARD = "gnu++20";
				CLANG_ENABLE_MODULES = YES;
				CLANG_ENABLE_OBJC_ARC = YES;
				CLANG_ENABLE_OBJC_WEAK = YES;
				CLANG_WARN_BLOCK_CAPTURE_AUTORELEASING = YES;
				CLANG_WARN_BOOL_CONVERSION = YES;
				CLANG_WARN_COMMA = YES;
				CLANG_WARN_CONSTANT_CONVERSION = YES;
				CLANG_WARN_DEPRECATED_OBJC_IMPLEMENTATIONS = YES;
				CLANG_WARN_DIRECT_OBJC_ISA_USAGE = YES_ERROR;
				CLANG_WARN_DOCUMENTATION_COMMENTS = YES;
				CLANG_WARN_EMPTY_BODY = YES;
				CLANG_WARN_ENUM_CONVERSION = YES;
				CLANG_WARN_INFINITE_RECURSION = YES;
				CLANG_WARN_INT_CONVERSION = YES;
				CLANG_WARN_NON_LITERAL_NULL_CONVERSION = YES;
				CLANG_WARN_OBJC_IMPLICIT_RETAIN_SELF = YES;
				CLANG_WARN_OBJC_LITERAL_CONVERSION = YES;
				CLANG_WARN_OBJC_ROOT_CLASS = YES_ERROR;
				CLANG_WARN_QUOTED_INCLUDE_IN_FRAMEWORK_HEADER = YES;
				CLANG_WARN_RANGE_LOOP_ANALYSIS = YES;
				CLANG_WARN_STRICT_PROTOTYPES = YES;
				CLANG_WARN_SUSPICIOUS_MOVE = YES;
				CLANG_WARN_UNGUARDED_AVAILABILITY = YES_AGGRESSIVE;
				CLANG_WARN_UNREACHABLE_CODE = YES;
				CLANG_WARN__DUPLICATE_METHOD_MATCH = YES;
				COPY_PHASE_STRIP = NO;
				DEBUG_INFORMATION_FORMAT = dwarf;
				ENABLE_STRICT_OBJC_MSGSEND = YES;
				ENABLE_TESTABILITY = YES;
				ENABLE_USER_SCRIPT_SANDBOXING = YES;
				GCC_C_LANGUAGE_STANDARD = gnu17;
				GCC_DYNAMIC_NO_PIC = NO;
				GCC_NO_COMMON_BLOCKS = YES;
				GCC_OPTIMIZATION_LEVEL = 0;
				GCC_PREPROCESSOR_DEFINITIONS = (
					"DEBUG=1",
					"$(inherited)",
				);
				GCC_WARN_64_TO_32_BIT_CONVERSION = YES;
				GCC_WARN_ABOUT_RETURN_TYPE = YES_ERROR;
				GCC_WARN_UNDECLARED_SELECTOR = YES;
				GCC_WARN_UNINITIALIZED_AUTOS = YES_AGGRESSIVE;
				GCC_WARN_UNUSED_FUNCTION = YES;
				GCC_WARN_UNUSED_VARIABLE = YES;
				IPHONEOS_DEPLOYMENT_TARGET = 17.2;
				LOCALIZATION_PREFERS_STRING_CATALOGS = YES;
				MTL_ENABLE_DEBUG_INFO = INCLUDE_SOURCE;
				MTL_FAST_MATH = YES;
				ONLY_ACTIVE_ARCH = YES;
				SDKROOT = iphoneos;
				SWIFT_ACTIVE_COMPILATION_CONDITIONS = "DEBUG $(inherited)";
				SWIFT_OPTIMIZATION_LEVEL = "-Onone";
			};
			name = Debug;
		};
		3BB1131F2BD2E72F00B45D70 /* Release */ = {
			isa = XCBuildConfiguration;
			buildSettings = {
				ALWAYS_SEARCH_USER_PATHS = NO;
				ASSETCATALOG_COMPILER_GENERATE_SWIFT_ASSET_SYMBOL_EXTENSIONS = YES;
				CLANG_ANALYZER_NONNULL = YES;
				CLANG_ANALYZER_NUMBER_OBJECT_CONVERSION = YES_AGGRESSIVE;
				CLANG_CXX_LANGUAGE_STANDARD = "gnu++20";
				CLANG_ENABLE_MODULES = YES;
				CLANG_ENABLE_OBJC_ARC = YES;
				CLANG_ENABLE_OBJC_WEAK = YES;
				CLANG_WARN_BLOCK_CAPTURE_AUTORELEASING = YES;
				CLANG_WARN_BOOL_CONVERSION = YES;
				CLANG_WARN_COMMA = YES;
				CLANG_WARN_CONSTANT_CONVERSION = YES;
				CLANG_WARN_DEPRECATED_OBJC_IMPLEMENTATIONS = YES;
				CLANG_WARN_DIRECT_OBJC_ISA_USAGE = YES_ERROR;
				CLANG_WARN_DOCUMENTATION_COMMENTS = YES;
				CLANG_WARN_EMPTY_BODY = YES;
				CLANG_WARN_ENUM_CONVERSION = YES;
				CLANG_WARN_INFINITE_RECURSION = YES;
				CLANG_WARN_INT_CONVERSION = YES;
				CLANG_WARN_NON_LITERAL_NULL_CONVERSION = YES;
				CLANG_WARN_OBJC_IMPLICIT_RETAIN_SELF = YES;
				CLANG_WARN_OBJC_LITERAL_CONVERSION = YES;
				CLANG_WARN_OBJC_ROOT_CLASS = YES_ERROR;
				CLANG_WARN_QUOTED_INCLUDE_IN_FRAMEWORK_HEADER = YES;
				CLANG_WARN_RANGE_LOOP_ANALYSIS = YES;
				CLANG_WARN_STRICT_PROTOTYPES = YES;
				CLANG_WARN_SUSPICIOUS_MOVE = YES;
				CLANG_WARN_UNGUARDED_AVAILABILITY = YES_AGGRESSIVE;
				CLANG_WARN_UNREACHABLE_CODE = YES;
				CLANG_WARN__DUPLICATE_METHOD_MATCH = YES;
				COPY_PHASE_STRIP = NO;
				DEBUG_INFORMATION_FORMAT = "dwarf-with-dsym";
				ENABLE_NS_ASSERTIONS = NO;
				ENABLE_STRICT_OBJC_MSGSEND = YES;
				ENABLE_USER_SCRIPT_SANDBOXING = YES;
				GCC_C_LANGUAGE_STANDARD = gnu17;
				GCC_NO_COMMON_BLOCKS = YES;
				GCC_WARN_64_TO_32_BIT_CONVERSION = YES;
				GCC_WARN_ABOUT_RETURN_TYPE = YES_ERROR;
				GCC_WARN_UNDECLARED_SELECTOR = YES;
				GCC_WARN_UNINITIALIZED_AUTOS = YES_AGGRESSIVE;
				GCC_WARN_UNUSED_FUNCTION = YES;
				GCC_WARN_UNUSED_VARIABLE = YES;
				IPHONEOS_DEPLOYMENT_TARGET = 17.2;
				LOCALIZATION_PREFERS_STRING_CATALOGS = YES;
				MTL_ENABLE_DEBUG_INFO = NO;
				MTL_FAST_MATH = YES;
				SDKROOT = iphoneos;
				SWIFT_COMPILATION_MODE = wholemodule;
				VALIDATE_PRODUCT = YES;
			};
			name = Release;
		};
		3BB113212BD2E72F00B45D70 /* Debug */ = {
			isa = XCBuildConfiguration;
			buildSettings = {
				ASSETCATALOG_COMPILER_APPICON_NAME = AppIcon;
				ASSETCATALOG_COMPILER_GLOBAL_ACCENT_COLOR_NAME = AccentColor;
				CODE_SIGN_STYLE = Automatic;
				CURRENT_PROJECT_VERSION = 1;
				DEVELOPMENT_ASSET_PATHS = "\"ABC Move/Preview Content\"";
				ENABLE_PREVIEWS = YES;
				GENERATE_INFOPLIST_FILE = YES;
				INFOPLIST_KEY_UIApplicationSceneManifest_Generation = YES;
				INFOPLIST_KEY_UIApplicationSupportsIndirectInputEvents = YES;
				INFOPLIST_KEY_UILaunchScreen_Generation = YES;
				INFOPLIST_KEY_UISupportedInterfaceOrientations_iPad = "UIInterfaceOrientationPortrait UIInterfaceOrientationPortraitUpsideDown UIInterfaceOrientationLandscapeLeft UIInterfaceOrientationLandscapeRight";
				INFOPLIST_KEY_UISupportedInterfaceOrientations_iPhone = "UIInterfaceOrientationPortrait UIInterfaceOrientationLandscapeLeft UIInterfaceOrientationLandscapeRight";
				LD_RUNPATH_SEARCH_PATHS = (
					"$(inherited)",
					"@executable_path/Frameworks",
				);
				MARKETING_VERSION = 1.0;
				PRODUCT_BUNDLE_IDENTIFIER = "Telas.ABC-Move";
				PRODUCT_NAME = "$(TARGET_NAME)";
				SWIFT_EMIT_LOC_STRINGS = YES;
				SWIFT_VERSION = 5.0;
				TARGETED_DEVICE_FAMILY = "1,2";
			};
			name = Debug;
		};
		3BB113222BD2E72F00B45D70 /* Release */ = {
			isa = XCBuildConfiguration;
			buildSettings = {
				ASSETCATALOG_COMPILER_APPICON_NAME = AppIcon;
				ASSETCATALOG_COMPILER_GLOBAL_ACCENT_COLOR_NAME = AccentColor;
				CODE_SIGN_STYLE = Automatic;
				CURRENT_PROJECT_VERSION = 1;
				DEVELOPMENT_ASSET_PATHS = "\"ABC Move/Preview Content\"";
				ENABLE_PREVIEWS = YES;
				GENERATE_INFOPLIST_FILE = YES;
				INFOPLIST_KEY_UIApplicationSceneManifest_Generation = YES;
				INFOPLIST_KEY_UIApplicationSupportsIndirectInputEvents = YES;
				INFOPLIST_KEY_UILaunchScreen_Generation = YES;
				INFOPLIST_KEY_UISupportedInterfaceOrientations_iPad = "UIInterfaceOrientationPortrait UIInterfaceOrientationPortraitUpsideDown UIInterfaceOrientationLandscapeLeft UIInterfaceOrientationLandscapeRight";
				INFOPLIST_KEY_UISupportedInterfaceOrientations_iPhone = "UIInterfaceOrientationPortrait UIInterfaceOrientationLandscapeLeft UIInterfaceOrientationLandscapeRight";
				LD_RUNPATH_SEARCH_PATHS = (
					"$(inherited)",
					"@executable_path/Frameworks",
				);
				MARKETING_VERSION = 1.0;
				PRODUCT_BUNDLE_IDENTIFIER = "Telas.ABC-Move";
				PRODUCT_NAME = "$(TARGET_NAME)";
				SWIFT_EMIT_LOC_STRINGS = YES;
				SWIFT_VERSION = 5.0;
				TARGETED_DEVICE_FAMILY = "1,2";
			};
			name = Release;
		};
		3BB113242BD2E72F00B45D70 /* Debug */ = {
			isa = XCBuildConfiguration;
			buildSettings = {
				ALWAYS_EMBED_SWIFT_STANDARD_LIBRARIES = YES;
				BUNDLE_LOADER = "$(TEST_HOST)";
				CODE_SIGN_STYLE = Automatic;
				CURRENT_PROJECT_VERSION = 1;
				GENERATE_INFOPLIST_FILE = YES;
				IPHONEOS_DEPLOYMENT_TARGET = 17.2;
				MARKETING_VERSION = 1.0;
				PRODUCT_BUNDLE_IDENTIFIER = "Telas.ABC-MoveTests";
				PRODUCT_NAME = "$(TARGET_NAME)";
				SWIFT_EMIT_LOC_STRINGS = NO;
				SWIFT_VERSION = 5.0;
				TARGETED_DEVICE_FAMILY = "1,2";
				TEST_HOST = "$(BUILT_PRODUCTS_DIR)/ABC Move.app/$(BUNDLE_EXECUTABLE_FOLDER_PATH)/ABC Move";
			};
			name = Debug;
		};
		3BB113252BD2E72F00B45D70 /* Release */ = {
			isa = XCBuildConfiguration;
			buildSettings = {
				ALWAYS_EMBED_SWIFT_STANDARD_LIBRARIES = YES;
				BUNDLE_LOADER = "$(TEST_HOST)";
				CODE_SIGN_STYLE = Automatic;
				CURRENT_PROJECT_VERSION = 1;
				GENERATE_INFOPLIST_FILE = YES;
				IPHONEOS_DEPLOYMENT_TARGET = 17.2;
				MARKETING_VERSION = 1.0;
				PRODUCT_BUNDLE_IDENTIFIER = "Telas.ABC-MoveTests";
				PRODUCT_NAME = "$(TARGET_NAME)";
				SWIFT_EMIT_LOC_STRINGS = NO;
				SWIFT_VERSION = 5.0;
				TARGETED_DEVICE_FAMILY = "1,2";
				TEST_HOST = "$(BUILT_PRODUCTS_DIR)/ABC Move.app/$(BUNDLE_EXECUTABLE_FOLDER_PATH)/ABC Move";
			};
			name = Release;
		};
		3BB113272BD2E72F00B45D70 /* Debug */ = {
			isa = XCBuildConfiguration;
			buildSettings = {
				ALWAYS_EMBED_SWIFT_STANDARD_LIBRARIES = YES;
				CODE_SIGN_STYLE = Automatic;
				CURRENT_PROJECT_VERSION = 1;
				GENERATE_INFOPLIST_FILE = YES;
				MARKETING_VERSION = 1.0;
				PRODUCT_BUNDLE_IDENTIFIER = "Telas.ABC-MoveUITests";
				PRODUCT_NAME = "$(TARGET_NAME)";
				SWIFT_EMIT_LOC_STRINGS = NO;
				SWIFT_VERSION = 5.0;
				TARGETED_DEVICE_FAMILY = "1,2";
				TEST_TARGET_NAME = "ABC Move";
			};
			name = Debug;
		};
		3BB113282BD2E72F00B45D70 /* Release */ = {
			isa = XCBuildConfiguration;
			buildSettings = {
				ALWAYS_EMBED_SWIFT_STANDARD_LIBRARIES = YES;
				CODE_SIGN_STYLE = Automatic;
				CURRENT_PROJECT_VERSION = 1;
				GENERATE_INFOPLIST_FILE = YES;
				MARKETING_VERSION = 1.0;
				PRODUCT_BUNDLE_IDENTIFIER = "Telas.ABC-MoveUITests";
				PRODUCT_NAME = "$(TARGET_NAME)";
				SWIFT_EMIT_LOC_STRINGS = NO;
				SWIFT_VERSION = 5.0;
				TARGETED_DEVICE_FAMILY = "1,2";
				TEST_TARGET_NAME = "ABC Move";
			};
			name = Release;
		};
/* End XCBuildConfiguration section */

/* Begin XCConfigurationList section */
		3BB112F72BD2E72E00B45D70 /* Build configuration list for PBXProject "ABC Move" */ = {
			isa = XCConfigurationList;
			buildConfigurations = (
				3BB1131E2BD2E72F00B45D70 /* Debug */,
				3BB1131F2BD2E72F00B45D70 /* Release */,
			);
			defaultConfigurationIsVisible = 0;
			defaultConfigurationName = Release;
		};
		3BB113202BD2E72F00B45D70 /* Build configuration list for PBXNativeTarget "ABC Move" */ = {
			isa = XCConfigurationList;
			buildConfigurations = (
				3BB113212BD2E72F00B45D70 /* Debug */,
				3BB113222BD2E72F00B45D70 /* Release */,
			);
			defaultConfigurationIsVisible = 0;
			defaultConfigurationName = Release;
		};
		3BB113232BD2E72F00B45D70 /* Build configuration list for PBXNativeTarget "ABC MoveTests" */ = {
			isa = XCConfigurationList;
			buildConfigurations = (
				3BB113242BD2E72F00B45D70 /* Debug */,
				3BB113252BD2E72F00B45D70 /* Release */,
			);
			defaultConfigurationIsVisible = 0;
			defaultConfigurationName = Release;
		};
		3BB113262BD2E72F00B45D70 /* Build configuration list for PBXNativeTarget "ABC MoveUITests" */ = {
			isa = XCConfigurationList;
			buildConfigurations = (
				3BB113272BD2E72F00B45D70 /* Debug */,
				3BB113282BD2E72F00B45D70 /* Release */,
			);
			defaultConfigurationIsVisible = 0;
			defaultConfigurationName = Release;
		};
/* End XCConfigurationList section */
	};
	rootObject = 3BB112F42BD2E72E00B45D70 /* Project object */;
}
